
Microsoft Visual Studio Solution File, Format Version 12.00
# Visual Studio Version 17
VisualStudioVersion = 17.5.002.0
MinimumVisualStudioVersion = 10.0.40219.1
Project("{9A19103F-16F7-4668-BE54-9A1E7A4F7556}") = "practica17-yosselynhernande19-25", "practica17-yosselynhernande19-25.csproj", "{EC80EDE9-7EF3-492C-9EAD-61BC20970652}"
EndProject
Global
	GlobalSection(SolutionConfigurationPlatforms) = preSolution
		Debug|Any CPU = Debug|Any CPU
		Release|Any CPU = Release|Any CPU
	EndGlobalSection
	GlobalSection(ProjectConfigurationPlatforms) = postSolution
		{EC80EDE9-7EF3-492C-9EAD-61BC20970652}.Debug|Any CPU.ActiveCfg = Debug|Any CPU
		{EC80EDE9-7EF3-492C-9EAD-61BC20970652}.Debug|Any CPU.Build.0 = Debug|Any CPU
		{EC80EDE9-7EF3-492C-9EAD-61BC20970652}.Release|Any CPU.ActiveCfg = Release|Any CPU
		{EC80EDE9-7EF3-492C-9EAD-61BC20970652}.Release|Any CPU.Build.0 = Release|Any CPU
	EndGlobalSection
	GlobalSection(SolutionProperties) = preSolution
		HideSolutionNode = FALSE
	EndGlobalSection
	GlobalSection(ExtensibilityGlobals) = postSolution
		SolutionGuid = {0FCB3193-F7FF-43A3-B49C-113B5A0F5774}
	EndGlobalSection
EndGlobal
